# backend/requirements.lock -- NON SI MODIFICA A MANO: si rigenera con
# scripts/genera-lock.py dal report di una risoluzione di pip.
# Report di pip 26.1.1 su darwin arm64, CPython 3.13.12: la piattaforma dello Studio e del Mini.
# 44 voci, ciascuna con lo sha256 del suo artefatto. Si installa con
# deploy/installa-dal-lock.sh, in modalita hash, senza risoluzione.
# Sorgenti da costruire, con il setuptools di questo lock: http-ece 1.2.1.
aiohappyeyeballs==2.7.1 --hash=sha256:9243213661e29250eb41368e5daa826fc017156c3b8a11440826b2e3ed376472
aiohttp==3.14.3 --hash=sha256:11fb37ef075669eee52ab1928fbf6e1741fada40409fa309ebde9607a962aebf
aiosignal==1.4.0 --hash=sha256:053243f8b92b990551949e63930a839ff0cf0b0ebbe0597b0f3fb19e1a0fe82e
annotated-doc==0.0.4 --hash=sha256:571ac1dc6991c450b25a9c2d84a3705e2ae7a53467b5d111c24fa8baabbed320
annotated-types==0.7.0 --hash=sha256:1f02e8b43a8fbbc3f3e0d4f0f4bfc8131bcb4eebe8849b8e5c773f3a1c582a53
anyio==4.13.0 --hash=sha256:08b310f9e24a9594186fd75b4f73f4a4152069e3853f1ed8bfbf58369f4ad708
attrs==26.1.0 --hash=sha256:c647aa4a12dfbad9333ca4e71fe62ddc36f4e63b2d260a37a8b83d2f043ac309
certifi==2026.5.20 --hash=sha256:3c52e209ba0a4ad7aebe60436a4ab349c39e1e602e8c134221e546902ad25897
cffi==2.1.1 --hash=sha256:19ee6127ee34de7d83ce3d371ebc5ed91addbdcc39f9ab15ce4eb35a4e534971
charset-normalizer==3.5.1 --hash=sha256:e90251c0c7bdd54a100a0dce3c07b7e637278c93af29dbf78ebb89a58c4bac7d
click==8.4.1 --hash=sha256:482be17c6991b8c19c5429a1e995d9b0efdbb63172824c41f99965dc0ade8ec2
cryptography==50.0.1 --hash=sha256:b8f852c65863251b9e3a1b8c150ce21e59b522dbb6a7d4bc80e680d38388e986
fastapi==0.136.3 --hash=sha256:3d2a69bdf04b7e9f3afa292c3bc7a98816bbfafa10bc9b45f3f3700d2f761620
frozenlist==1.8.0 --hash=sha256:f21f00a91358803399890ab167098c131ec2ddd5f8f5fd5fe9c9f2c6fcd91e40
h11==0.16.0 --hash=sha256:63cf8bbe7522de3bf65932fda1d9c2772064ffb3dae62d55932da54b31cb6c86
http-ece==1.2.1 --hash=sha256:8c6ab23116bbf6affda894acfd5f2ca0fb8facbcbb72121c11c75c33e7ce8cff
httpcore==1.0.9 --hash=sha256:2d400746a40668fc9dec9810239072b40b4484b640a8c38fd654a024c7a1bf55
httptools==0.8.0 --hash=sha256:2d689918c15a013c65ef52d9fd495d766893ab831a2c8d89f2ac5940a5df847c
httpx==0.28.1 --hash=sha256:d909fcccc110f8c7faf814ca82a9a4d816bc5a6dbfea25d6591d6985b8ba59ad
idna==3.16 --hash=sha256:cc246e3a3f89580c3a951b5ad298ca4638078b2cdd4f115654332b5c26daded5
multidict==6.9.1 --hash=sha256:e5ccad4b7bac125722f48d6f862bed3b514d8526deea06316bb72f152cd30a7c
mysql-connector-python==9.7.0 --hash=sha256:e3842ecd62391a28c1dda5eb817f40418715e68482a8c146b3c478ac8bb7a23f
packaging==26.2 --hash=sha256:5fc45236b9446107ff2415ce77c807cee2862cb6fac22b8a73826d0693b0980e
propcache==0.5.4 --hash=sha256:44149f46500a0a41b95b4d99c2e586a77319539730607b9892974a092788b111
py-vapid==1.9.4 --hash=sha256:f165a5bf90dcf966b226114f01f178f137579a09784c7f0628fa2f0a299741b6
pycparser==3.0 --hash=sha256:b727414169a36b7d524c1c3e31839a521725078d7b2ff038656844266160a992
pydantic==2.13.4 --hash=sha256:45a282cde31d808236fd7ea9d919b128653c8b38b393d1c4ab335c62924d9aba
pydantic-core==2.46.4 --hash=sha256:c94f0688e7b8d0a67abf40e57a7eaaecd17cc9586706a31b76c031f63df052b4
pydantic-settings==2.14.1 --hash=sha256:6e3c7edfd8277687cdc598f56e5cff0e9bfff0910a3749deaa8d4401c3a2b9de
python-dotenv==1.2.2 --hash=sha256:1d8214789a24de455a8b8bd8ae6fe3c6b69a5e3d64aa8a8e5d68e694bbcb285a
pywebpush==2.5.0 --hash=sha256:b5f5d45024223a04e73fe17f7a8e62540f35bbcc62b49e64d0a1080ff2dc26f2
pyyaml==6.0.3 --hash=sha256:2283a07e2c21a2aa78d9c4442724ec1eb15f5e42a723b99cb3d822d48f5f7ad1
requests==2.34.2 --hash=sha256:2a0d60c172f83ac6ab31e4554906c0f3b3588d37b5cb939b1c061f4907e278e0
setuptools==82.0.1 --hash=sha256:a59e362652f08dcd477c78bb6e7bd9d80a7995bc73ce773050228a348ce2e5bb
starlette==1.1.0 --hash=sha256:7f0dfd38e428aad5cb6f9f667f0ca1d2d8ca3f3385dccac8305f79ec98458382
typing-extensions==4.15.0 --hash=sha256:f0fa19c6845758ab08074a0cfa8b7aecb71c999ca73d62883bc25cc018c4e548
typing-inspection==0.4.2 --hash=sha256:4ed1cacbdc298c220f1bd249ed5287caa16f34d44ef4e9c3d0cbad5b521545e7
urllib3==2.8.0 --hash=sha256:0cf3cae568d36aa9576b28dfb35f11328f1cb974ca7647d9475ebb86c75ac6e3
uvicorn==0.48.0 --hash=sha256:48097851328b87ec36117d3d575234519eb58c2b22d79666e9bbc6c49a761dad
uvloop==0.22.1 --hash=sha256:561577354eb94200d75aca23fbde86ee11be36b00e52a4eaf8f50fb0c86b7705
watchfiles==1.2.0 --hash=sha256:7ba0480b9a74af058f43b337e937a451e109295c420916d68ad24e3dc02f5e44
websockets==16.0 --hash=sha256:e6578ed5b6981005df1860a56e3617f14a6c307e6a71b4fff8c48fdc50f3ed2c
wheel==0.47.0 --hash=sha256:212281cab4dff978f6cedd499cd893e1f620791ca6ff7107cf270781e587eced
yarl==1.25.1 --hash=sha256:0f12afda4eea8c8994a76d4df1875c765194f5fbe8a9d197929ea303caee29ec
